{
  "name": "loading-request",
  "version": "1.0.0",
  "lockfileVersion": 3,
  "requires": true,
  "packages": {
    "": {
      "name": "loading-request",
      "version": "1.0.0",
      "license": "ISC",
      "devDependencies": {
        "@types/node": "^20.14.9",
        "rollup": "^4.18.0",
        "rollup-plugin-postcss": "^4.0.2",
        "rollup-plugin-typescript2": "^0.36.0",
        "typescript": "^5.5.3"
      }
    },
    "node_modules/@rollup/pluginutils": {
      "version": "4.2.1",
      "dev": true,
      "license": "MIT",
      "dependencies": {
        "estree-walker": "^2.0.1",
        "picomatch": "^2.2.2"
      },
      "engines": {
        "node": ">= 8.0.0"
      }
    },
    "node_modules/@rollup/rollup-win32-x64-msvc": {
      "version": "4.18.0",
      "cpu": [
        "x64"
      ],
      "dev": true,
      "license": "MIT",
      "optional": true,
      "os": [
        "win32"
      ]
    },
    "node_modules/@trysound/sax": {
      "version": "0.2.0",
      "dev": true,
      "license": "ISC",
      "engines": {
        "node": ">=10.13.0"
      }
    },
    "node_modules/@types/estree": {
      "version": "1.0.5",
      "dev": true,
      "license": "MIT"
    },
    "node_modules/@types/node": {
      "version": "20.14.9",
      "dev": true,
      "license": "MIT",
      "dependencies": {
        "undici-types": "~5.26.4"
      }
    },
    "node_modules/ansi-styles": {
      "version": "4.3.0",
      "dev": true,
      "license": "MIT",
      "dependencies": {
        "color-convert": "^2.0.1"
      },
      "engines": {
        "node": ">=8"
      },
      "funding": {
        "url": "https://github.com/chalk/ansi-styles?sponsor=1"
      }
    },
    "node_modules/boolbase": {
      "version": "1.0.0",
      "dev": true,
      "license": "ISC"
    },
    "node_modules/browserslist": {
      "version": "4.23.1",
      "dev": true,
      "funding": [
        {
          "type": "opencollective",
          "url": "https://opencollective.com/browserslist"
        },
        {
          "type": "tidelift",
          "url": "https://tidelift.com/funding/github/npm/browserslist"
        },
        {
          "type": "github",
          "url": "https://github.com/sponsors/ai"
        }
      ],
      "license": "MIT",
      "dependencies": {
        "caniuse-lite": "^1.0.30001629",
        "electron-to-chromium": "^1.4.796",
        "node-releases": "^2.0.14",
        "update-browserslist-db": "^1.0.16"
      },
      "bin": {
        "browserslist": "cli.js"
      },
      "engines": {
        "node": "^6 || ^7 || ^8 || ^9 || ^10 || ^11 || ^12 || >=13.7"
      }
    },
    "node_modules/caniuse-api": {
      "version": "3.0.0",
      "dev": true,
      "license": "MIT",
      "dependencies": {
        "browserslist": "^4.0.0",
        "caniuse-lite": "^1.0.0",
        "lodash.memoize": "^4.1.2",
        "lodash.uniq": "^4.5.0"
      }
    },
    "node_modules/caniuse-lite": {
      "version": "1.0.30001639",
      "dev": true,
      "funding": [
        {
          "type": "opencollective",
          "url": "https://opencollective.com/browserslist"
        },
        {
          "type": "tidelift",
          "url": "https://tidelift.com/funding/github/npm/caniuse-lite"
        },
        {
          "type": "github",
          "url": "https://github.com/sponsors/ai"
        }
      ],
      "license": "CC-BY-4.0"
    },
    "node_modules/chalk": {
      "version": "4.1.2",
      "dev": true,
      "license": "MIT",
      "dependencies": {
        "ansi-styles": "^4.1.0",
        "supports-color": "^7.1.0"
      },
      "engines": {
        "node": ">=10"
      },
      "funding": {
        "url": "https://github.com/chalk/chalk?sponsor=1"
      }
    },
    "node_modules/color-convert": {
      "version": "2.0.1",
      "dev": true,
      "license": "MIT",
      "dependencies": {
        "color-name": "~1.1.4"
      },
      "engines": {
        "node": ">=7.0.0"
      }
    },
    "node_modules/color-name": {
      "version": "1.1.4",
      "dev": true,
      "license": "MIT"
    },
    "node_modules/colord": {
      "version": "2.9.3",
      "dev": true,
      "license": "MIT"
    },
    "node_modules/commander": {
      "version": "7.2.0",
      "dev": true,
      "license": "MIT",
      "engines": {
        "node": ">= 10"
      }
    },
    "node_modules/commondir": {
      "version": "1.0.1",
      "dev": true,
      "license": "MIT"
    },
    "node_modules/concat-with-sourcemaps": {
      "version": "1.1.0",
      "dev": true,
      "license": "ISC",
      "dependencies": {
        "source-map": "^0.6.1"
      }
    },
    "node_modules/css-declaration-sorter": {
      "version": "6.4.1",
      "dev": true,
      "license": "ISC",
      "engines": {
        "node": "^10 || ^12 || >=14"
      },
      "peerDependencies": {
        "postcss": "^8.0.9"
      }
    },
    "node_modules/css-select": {
      "version": "4.3.0",
      "dev": true,
      "license": "BSD-2-Clause",
      "dependencies": {
        "boolbase": "^1.0.0",
        "css-what": "^6.0.1",
        "domhandler": "^4.3.1",
        "domutils": "^2.8.0",
        "nth-check": "^2.0.1"
      },
      "funding": {
        "url": "https://github.com/sponsors/fb55"
      }
    },
    "node_modules/css-tree": {
      "version": "1.1.3",
      "dev": true,
      "license": "MIT",
      "dependencies": {
        "mdn-data": "2.0.14",
        "source-map": "^0.6.1"
      },
      "engines": {
        "node": ">=8.0.0"
      }
    },
    "node_modules/css-what": {
      "version": "6.1.0",
      "dev": true,
      "license": "BSD-2-Clause",
      "engines": {
        "node": ">= 6"
      },
      "funding": {
        "url": "https://github.com/sponsors/fb55"
      }
    },
    "node_modules/cssesc": {
      "version": "3.0.0",
      "dev": true,
      "license": "MIT",
      "bin": {
        "cssesc": "bin/cssesc"
      },
      "engines": {
        "node": ">=4"
      }
    },
    "node_modules/cssnano": {
      "version": "5.1.15",
      "dev": true,
      "license": "MIT",
      "dependencies": {
        "cssnano-preset-default": "^5.2.14",
        "lilconfig": "^2.0.3",
        "yaml": "^1.10.2"
      },
      "engines": {
        "node": "^10 || ^12 || >=14.0"
      },
      "funding": {
        "type": "opencollective",
        "url": "https://opencollective.com/cssnano"
      },
      "peerDependencies": {
        "postcss": "^8.2.15"
      }
    },
    "node_modules/cssnano-preset-default": {
      "version": "5.2.14",
      "dev": true,
      "license": "MIT",
      "dependencies": {
        "css-declaration-sorter": "^6.3.1",
        "cssnano-utils": "^3.1.0",
        "postcss-calc": "^8.2.3",
        "postcss-colormin": "^5.3.1",
        "postcss-convert-values": "^5.1.3",
        "postcss-discard-comments": "^5.1.2",
        "postcss-discard-duplicates": "^5.1.0",
        "postcss-discard-empty": "^5.1.1",
        "postcss-discard-overridden": "^5.1.0",
        "postcss-merge-longhand": "^5.1.7",
        "postcss-merge-rules": "^5.1.4",
        "postcss-minify-font-values": "^5.1.0",
        "postcss-minify-gradients": "^5.1.1",
        "postcss-minify-params": "^5.1.4",
        "postcss-minify-selectors": "^5.2.1",
        "postcss-normalize-charset": "^5.1.0",
        "postcss-normalize-display-values": "^5.1.0",
        "postcss-normalize-positions": "^5.1.1",
        "postcss-normalize-repeat-style": "^5.1.1",
        "postcss-normalize-string": "^5.1.0",
        "postcss-normalize-timing-functions": "^5.1.0",
        "postcss-normalize-unicode": "^5.1.1",
        "postcss-normalize-url": "^5.1.0",
        "postcss-normalize-whitespace": "^5.1.1",
        "postcss-ordered-values": "^5.1.3",
        "postcss-reduce-initial": "^5.1.2",
        "postcss-reduce-transforms": "^5.1.0",
        "postcss-svgo": "^5.1.0",
        "postcss-unique-selectors": "^5.1.1"
      },
      "engines": {
        "node": "^10 || ^12 || >=14.0"
      },
      "peerDependencies": {
        "postcss": "^8.2.15"
      }
    },
    "node_modules/cssnano-utils": {
      "version": "3.1.0",
      "dev": true,
      "license": "MIT",
      "engines": {
        "node": "^10 || ^12 || >=14.0"
      },
      "peerDependencies": {
        "postcss": "^8.2.15"
      }
    },
    "node_modules/csso": {
      "version": "4.2.0",
      "dev": true,
      "license": "MIT",
      "dependencies": {
        "css-tree": "^1.1.2"
      },
      "engines": {
        "node": ">=8.0.0"
      }
    },
    "node_modules/dom-serializer": {
      "version": "1.4.1",
      "dev": true,
      "license": "MIT",
      "dependencies": {
        "domelementtype": "^2.0.1",
        "domhandler": "^4.2.0",
        "entities": "^2.0.0"
      },
      "funding": {
        "url": "https://github.com/cheeriojs/dom-serializer?sponsor=1"
      }
    },
    "node_modules/domelementtype": {
      "version": "2.3.0",
      "dev": true,
      "funding": [
        {
          "type": "github",
          "url": "https://github.com/sponsors/fb55"
        }
      ],
      "license": "BSD-2-Clause"
    },
    "node_modules/domhandler": {
      "version": "4.3.1",
      "dev": true,
      "license": "BSD-2-Clause",
      "dependencies": {
        "domelementtype": "^2.2.0"
      },
      "engines": {
        "node": ">= 4"
      },
      "funding": {
        "url": "https://github.com/fb55/domhandler?sponsor=1"
      }
    },
    "node_modules/domutils": {
      "version": "2.8.0",
      "dev": true,
      "license": "BSD-2-Clause",
      "dependencies": {
        "dom-serializer": "^1.0.1",
        "domelementtype": "^2.2.0",
        "domhandler": "^4.2.0"
      },
      "funding": {
        "url": "https://github.com/fb55/domutils?sponsor=1"
      }
    },
    "node_modules/electron-to-chromium": {
      "version": "1.4.816",
      "dev": true,
      "license": "ISC"
    },
    "node_modules/entities": {
      "version": "2.2.0",
      "dev": true,
      "license": "BSD-2-Clause",
      "funding": {
        "url": "https://github.com/fb55/entities?sponsor=1"
      }
    },
    "node_modules/escalade": {
      "version": "3.1.2",
      "dev": true,
      "license": "MIT",
      "engines": {
        "node": ">=6"
      }
    },
    "node_modules/estree-walker": {
      "version": "2.0.2",
      "dev": true,
      "license": "MIT"
    },
    "node_modules/eventemitter3": {
      "version": "4.0.7",
      "dev": true,
      "license": "MIT"
    },
    "node_modules/find-cache-dir": {
      "version": "3.3.2",
      "dev": true,
      "license": "MIT",
      "dependencies": {
        "commondir": "^1.0.1",
        "make-dir": "^3.0.2",
        "pkg-dir": "^4.1.0"
      },
      "engines": {
        "node": ">=8"
      },
      "funding": {
        "url": "https://github.com/avajs/find-cache-dir?sponsor=1"
      }
    },
    "node_modules/find-up": {
      "version": "4.1.0",
      "dev": true,
      "license": "MIT",
      "dependencies": {
        "locate-path": "^5.0.0",
        "path-exists": "^4.0.0"
      },
      "engines": {
        "node": ">=8"
      }
    },
    "node_modules/fs-extra": {
      "version": "10.1.0",
      "dev": true,
      "license": "MIT",
      "dependencies": {
        "graceful-fs": "^4.2.0",
        "jsonfile": "^6.0.1",
        "universalify": "^2.0.0"
      },
      "engines": {
        "node": ">=12"
      }
    },
    "node_modules/function-bind": {
      "version": "1.1.2",
      "dev": true,
      "license": "MIT",
      "funding": {
        "url": "https://github.com/sponsors/ljharb"
      }
    },
    "node_modules/generic-names": {
      "version": "4.0.0",
      "dev": true,
      "license": "MIT",
      "dependencies": {
        "loader-utils": "^3.2.0"
      }
    },
    "node_modules/graceful-fs": {
      "version": "4.2.11",
      "dev": true,
      "license": "ISC"
    },
    "node_modules/has-flag": {
      "version": "4.0.0",
      "dev": true,
      "license": "MIT",
      "engines": {
        "node": ">=8"
      }
    },
    "node_modules/hasown": {
      "version": "2.0.2",
      "dev": true,
      "license": "MIT",
      "dependencies": {
        "function-bind": "^1.1.2"
      },
      "engines": {
        "node": ">= 0.4"
      }
    },
    "node_modules/icss-replace-symbols": {
      "version": "1.1.0",
      "dev": true,
      "license": "ISC"
    },
    "node_modules/icss-utils": {
      "version": "5.1.0",
      "dev": true,
      "license": "ISC",
      "engines": {
        "node": "^10 || ^12 || >= 14"
      },
      "peerDependencies": {
        "postcss": "^8.1.0"
      }
    },
    "node_modules/import-cwd": {
      "version": "3.0.0",
      "dev": true,
      "license": "MIT",
      "dependencies": {
        "import-from": "^3.0.0"
      },
      "engines": {
        "node": ">=8"
      }
    },
    "node_modules/import-from": {
      "version": "3.0.0",
      "dev": true,
      "license": "MIT",
      "dependencies": {
        "resolve-from": "^5.0.0"
      },
      "engines": {
        "node": ">=8"
      }
    },
    "node_modules/is-core-module": {
      "version": "2.14.0",
      "dev": true,
      "license": "MIT",
      "dependencies": {
        "hasown": "^2.0.2"
      },
      "engines": {
        "node": ">= 0.4"
      },
      "funding": {
        "url": "https://github.com/sponsors/ljharb"
      }
    },
    "node_modules/jsonfile": {
      "version": "6.1.0",
      "dev": true,
      "license": "MIT",
      "dependencies": {
        "universalify": "^2.0.0"
      },
      "optionalDependencies": {
        "graceful-fs": "^4.1.6"
      }
    },
    "node_modules/lilconfig": {
      "version": "2.1.0",
      "dev": true,
      "license": "MIT",
      "engines": {
        "node": ">=10"
      }
    },
    "node_modules/loader-utils": {
      "version": "3.3.1",
      "dev": true,
      "license": "MIT",
      "engines": {
        "node": ">= 12.13.0"
      }
    },
    "node_modules/locate-path": {
      "version": "5.0.0",
      "dev": true,
      "license": "MIT",
      "dependencies": {
        "p-locate": "^4.1.0"
      },
      "engines": {
        "node": ">=8"
      }
    },
    "node_modules/lodash.camelcase": {
      "version": "4.3.0",
      "dev": true,
      "license": "MIT"
    },
    "node_modules/lodash.memoize": {
      "version": "4.1.2",
      "dev": true,
      "license": "MIT"
    },
    "node_modules/lodash.uniq": {
      "version": "4.5.0",
      "dev": true,
      "license": "MIT"
    },
    "node_modules/make-dir": {
      "version": "3.1.0",
      "dev": true,
      "license": "MIT",
      "dependencies": {
        "semver": "^6.0.0"
      },
      "engines": {
        "node": ">=8"
      },
      "funding": {
        "url": "https://github.com/sponsors/sindresorhus"
      }
    },
    "node_modules/make-dir/node_modules/semver": {
      "version": "6.3.1",
      "dev": true,
      "license": "ISC",
      "bin": {
        "semver": "bin/semver.js"
      }
    },
    "node_modules/mdn-data": {
      "version": "2.0.14",
      "dev": true,
      "license": "CC0-1.0"
    },
    "node_modules/nanoid": {
      "version": "3.3.7",
      "dev": true,
      "funding": [
        {
          "type": "github",
          "url": "https://github.com/sponsors/ai"
        }
      ],
      "license": "MIT",
      "peer": true,
      "bin": {
        "nanoid": "bin/nanoid.cjs"
      },
      "engines": {
        "node": "^10 || ^12 || ^13.7 || ^14 || >=15.0.1"
      }
    },
    "node_modules/node-releases": {
      "version": "2.0.14",
      "dev": true,
      "license": "MIT"
    },
    "node_modules/normalize-url": {
      "version": "6.1.0",
      "dev": true,
      "license": "MIT",
      "engines": {
        "node": ">=10"
      },
      "funding": {
        "url": "https://github.com/sponsors/sindresorhus"
      }
    },
    "node_modules/nth-check": {
      "version": "2.1.1",
      "dev": true,
      "license": "BSD-2-Clause",
      "dependencies": {
        "boolbase": "^1.0.0"
      },
      "funding": {
        "url": "https://github.com/fb55/nth-check?sponsor=1"
      }
    },
    "node_modules/p-finally": {
      "version": "1.0.0",
      "dev": true,
      "license": "MIT",
      "engines": {
        "node": ">=4"
      }
    },
    "node_modules/p-limit": {
      "version": "2.3.0",
      "dev": true,
      "license": "MIT",
      "dependencies": {
        "p-try": "^2.0.0"
      },
      "engines": {
        "node": ">=6"
      },
      "funding": {
        "url": "https://github.com/sponsors/sindresorhus"
      }
    },
    "node_modules/p-locate": {
      "version": "4.1.0",
      "dev": true,
      "license": "MIT",
      "dependencies": {
        "p-limit": "^2.2.0"
      },
      "engines": {
        "node": ">=8"
      }
    },
    "node_modules/p-queue": {
      "version": "6.6.2",
      "dev": true,
      "license": "MIT",
      "dependencies": {
        "eventemitter3": "^4.0.4",
        "p-timeout": "^3.2.0"
      },
      "engines": {
        "node": ">=8"
      },
      "funding": {
        "url": "https://github.com/sponsors/sindresorhus"
      }
    },
    "node_modules/p-timeout": {
      "version": "3.2.0",
      "dev": true,
      "license": "MIT",
      "dependencies": {
        "p-finally": "^1.0.0"
      },
      "engines": {
        "node": ">=8"
      }
    },
    "node_modules/p-try": {
      "version": "2.2.0",
      "dev": true,
      "license": "MIT",
      "engines": {
        "node": ">=6"
      }
    },
    "node_modules/path-exists": {
      "version": "4.0.0",
      "dev": true,
      "license": "MIT",
      "engines": {
        "node": ">=8"
      }
    },
    "node_modules/path-parse": {
      "version": "1.0.7",
      "dev": true,
      "license": "MIT"
    },
    "node_modules/picocolors": {
      "version": "1.0.1",
      "dev": true,
      "license": "ISC"
    },
    "node_modules/picomatch": {
      "version": "2.3.1",
      "dev": true,
      "license": "MIT",
      "engines": {
        "node": ">=8.6"
      },
      "funding": {
        "url": "https://github.com/sponsors/jonschlinkert"
      }
    },
    "node_modules/pify": {
      "version": "5.0.0",
      "dev": true,
      "license": "MIT",
      "engines": {
        "node": ">=10"
      },
      "funding": {
        "url": "https://github.com/sponsors/sindresorhus"
      }
    },
    "node_modules/pkg-dir": {
      "version": "4.2.0",
      "dev": true,
      "license": "MIT",
      "dependencies": {
        "find-up": "^4.0.0"
      },
      "engines": {
        "node": ">=8"
      }
    },
    "node_modules/postcss": {
      "version": "8.4.39",
      "dev": true,
      "funding": [
        {
          "type": "opencollective",
          "url": "https://opencollective.com/postcss/"
        },
        {
          "type": "tidelift",
          "url": "https://tidelift.com/funding/github/npm/postcss"
        },
        {
          "type": "github",
          "url": "https://github.com/sponsors/ai"
        }
      ],
      "license": "MIT",
      "peer": true,
      "dependencies": {
        "nanoid": "^3.3.7",
        "picocolors": "^1.0.1",
        "source-map-js": "^1.2.0"
      },
      "engines": {
        "node": "^10 || ^12 || >=14"
      }
    },
    "node_modules/postcss-calc": {
      "version": "8.2.4",
      "dev": true,
      "license": "MIT",
      "dependencies": {
        "postcss-selector-parser": "^6.0.9",
        "postcss-value-parser": "^4.2.0"
      },
      "peerDependencies": {
        "postcss": "^8.2.2"
      }
    },
    "node_modules/postcss-colormin": {
      "version": "5.3.1",
      "dev": true,
      "license": "MIT",
      "dependencies": {
        "browserslist": "^4.21.4",
        "caniuse-api": "^3.0.0",
        "colord": "^2.9.1",
        "postcss-value-parser": "^4.2.0"
      },
      "engines": {
        "node": "^10 || ^12 || >=14.0"
      },
      "peerDependencies": {
        "postcss": "^8.2.15"
      }
    },
    "node_modules/postcss-convert-values": {
      "version": "5.1.3",
      "dev": true,
      "license": "MIT",
      "dependencies": {
        "browserslist": "^4.21.4",
        "postcss-value-parser": "^4.2.0"
      },
      "engines": {
        "node": "^10 || ^12 || >=14.0"
      },
      "peerDependencies": {
        "postcss": "^8.2.15"
      }
    },
    "node_modules/postcss-discard-comments": {
      "version": "5.1.2",
      "dev": true,
      "license": "MIT",
      "engines": {
        "node": "^10 || ^12 || >=14.0"
      },
      "peerDependencies": {
        "postcss": "^8.2.15"
      }
    },
    "node_modules/postcss-discard-duplicates": {
      "version": "5.1.0",
      "dev": true,
      "license": "MIT",
      "engines": {
        "node": "^10 || ^12 || >=14.0"
      },
      "peerDependencies": {
        "postcss": "^8.2.15"
      }
    },
    "node_modules/postcss-discard-empty": {
      "version": "5.1.1",
      "dev": true,
      "license": "MIT",
      "engines": {
        "node": "^10 || ^12 || >=14.0"
      },
      "peerDependencies": {
        "postcss": "^8.2.15"
      }
    },
    "node_modules/postcss-discard-overridden": {
      "version": "5.1.0",
      "dev": true,
      "license": "MIT",
      "engines": {
        "node": "^10 || ^12 || >=14.0"
      },
      "peerDependencies": {
        "postcss": "^8.2.15"
      }
    },
    "node_modules/postcss-load-config": {
      "version": "3.1.4",
      "dev": true,
      "license": "MIT",
      "dependencies": {
        "lilconfig": "^2.0.5",
        "yaml": "^1.10.2"
      },
      "engines": {
        "node": ">= 10"
      },
      "funding": {
        "type": "opencollective",
        "url": "https://opencollective.com/postcss/"
      },
      "peerDependencies": {
        "postcss": ">=8.0.9",
        "ts-node": ">=9.0.0"
      },
      "peerDependenciesMeta": {
        "postcss": {
          "optional": true
        },
        "ts-node": {
          "optional": true
        }
      }
    },
    "node_modules/postcss-merge-longhand": {
      "version": "5.1.7",
      "dev": true,
      "license": "MIT",
      "dependencies": {
        "postcss-value-parser": "^4.2.0",
        "stylehacks": "^5.1.1"
      },
      "engines": {
        "node": "^10 || ^12 || >=14.0"
      },
      "peerDependencies": {
        "postcss": "^8.2.15"
      }
    },
    "node_modules/postcss-merge-rules": {
      "version": "5.1.4",
      "dev": true,
      "license": "MIT",
      "dependencies": {
        "browserslist": "^4.21.4",
        "caniuse-api": "^3.0.0",
        "cssnano-utils": "^3.1.0",
        "postcss-selector-parser": "^6.0.5"
      },
      "engines": {
        "node": "^10 || ^12 || >=14.0"
      },
      "peerDependencies": {
        "postcss": "^8.2.15"
      }
    },
    "node_modules/postcss-minify-font-values": {
      "version": "5.1.0",
      "dev": true,
      "license": "MIT",
      "dependencies": {
        "postcss-value-parser": "^4.2.0"
      },
      "engines": {
        "node": "^10 || ^12 || >=14.0"
      },
      "peerDependencies": {
        "postcss": "^8.2.15"
      }
    },
    "node_modules/postcss-minify-gradients": {
      "version": "5.1.1",
      "dev": true,
      "license": "MIT",
      "dependencies": {
        "colord": "^2.9.1",
        "cssnano-utils": "^3.1.0",
        "postcss-value-parser": "^4.2.0"
      },
      "engines": {
        "node": "^10 || ^12 || >=14.0"
      },
      "peerDependencies": {
        "postcss": "^8.2.15"
      }
    },
    "node_modules/postcss-minify-params": {
      "version": "5.1.4",
      "dev": true,
      "license": "MIT",
      "dependencies": {
        "browserslist": "^4.21.4",
        "cssnano-utils": "^3.1.0",
        "postcss-value-parser": "^4.2.0"
      },
      "engines": {
        "node": "^10 || ^12 || >=14.0"
      },
      "peerDependencies": {
        "postcss": "^8.2.15"
      }
    },
    "node_modules/postcss-minify-selectors": {
      "version": "5.2.1",
      "dev": true,
      "license": "MIT",
      "dependencies": {
        "postcss-selector-parser": "^6.0.5"
      },
      "engines": {
        "node": "^10 || ^12 || >=14.0"
      },
      "peerDependencies": {
        "postcss": "^8.2.15"
      }
    },
    "node_modules/postcss-modules": {
      "version": "4.3.1",
      "dev": true,
      "license": "MIT",
      "dependencies": {
        "generic-names": "^4.0.0",
        "icss-replace-symbols": "^1.1.0",
        "lodash.camelcase": "^4.3.0",
        "postcss-modules-extract-imports": "^3.0.0",
        "postcss-modules-local-by-default": "^4.0.0",
        "postcss-modules-scope": "^3.0.0",
        "postcss-modules-values": "^4.0.0",
        "string-hash": "^1.1.1"
      },
      "peerDependencies": {
        "postcss": "^8.0.0"
      }
    },
    "node_modules/postcss-modules-extract-imports": {
      "version": "3.1.0",
      "dev": true,
      "license": "ISC",
      "engines": {
        "node": "^10 || ^12 || >= 14"
      },
      "peerDependencies": {
        "postcss": "^8.1.0"
      }
    },
    "node_modules/postcss-modules-local-by-default": {
      "version": "4.0.5",
      "dev": true,
      "license": "MIT",
      "dependencies": {
        "icss-utils": "^5.0.0",
        "postcss-selector-parser": "^6.0.2",
        "postcss-value-parser": "^4.1.0"
      },
      "engines": {
        "node": "^10 || ^12 || >= 14"
      },
      "peerDependencies": {
        "postcss": "^8.1.0"
      }
    },
    "node_modules/postcss-modules-scope": {
      "version": "3.2.0",
      "dev": true,
      "license": "ISC",
      "dependencies": {
        "postcss-selector-parser": "^6.0.4"
      },
      "engines": {
        "node": "^10 || ^12 || >= 14"
      },
      "peerDependencies": {
        "postcss": "^8.1.0"
      }
    },
    "node_modules/postcss-modules-values": {
      "version": "4.0.0",
      "dev": true,
      "license": "ISC",
      "dependencies": {
        "icss-utils": "^5.0.0"
      },
      "engines": {
        "node": "^10 || ^12 || >= 14"
      },
      "peerDependencies": {
        "postcss": "^8.1.0"
      }
    },
    "node_modules/postcss-normalize-charset": {
      "version": "5.1.0",
      "dev": true,
      "license": "MIT",
      "engines": {
        "node": "^10 || ^12 || >=14.0"
      },
      "peerDependencies": {
        "postcss": "^8.2.15"
      }
    },
    "node_modules/postcss-normalize-display-values": {
      "version": "5.1.0",
      "dev": true,
      "license": "MIT",
      "dependencies": {
        "postcss-value-parser": "^4.2.0"
      },
      "engines": {
        "node": "^10 || ^12 || >=14.0"
      },
      "peerDependencies": {
        "postcss": "^8.2.15"
      }
    },
    "node_modules/postcss-normalize-positions": {
      "version": "5.1.1",
      "dev": true,
      "license": "MIT",
      "dependencies": {
        "postcss-value-parser": "^4.2.0"
      },
      "engines": {
        "node": "^10 || ^12 || >=14.0"
      },
      "peerDependencies": {
        "postcss": "^8.2.15"
      }
    },
    "node_modules/postcss-normalize-repeat-style": {
      "version": "5.1.1",
      "dev": true,
      "license": "MIT",
      "dependencies": {
        "postcss-value-parser": "^4.2.0"
      },
      "engines": {
        "node": "^10 || ^12 || >=14.0"
      },
      "peerDependencies": {
        "postcss": "^8.2.15"
      }
    },
    "node_modules/postcss-normalize-string": {
      "version": "5.1.0",
      "dev": true,
      "license": "MIT",
      "dependencies": {
        "postcss-value-parser": "^4.2.0"
      },
      "engines": {
        "node": "^10 || ^12 || >=14.0"
      },
      "peerDependencies": {
        "postcss": "^8.2.15"
      }
    },
    "node_modules/postcss-normalize-timing-functions": {
      "version": "5.1.0",
      "dev": true,
      "license": "MIT",
      "dependencies": {
        "postcss-value-parser": "^4.2.0"
      },
      "engines": {
        "node": "^10 || ^12 || >=14.0"
      },
      "peerDependencies": {
        "postcss": "^8.2.15"
      }
    },
    "node_modules/postcss-normalize-unicode": {
      "version": "5.1.1",
      "dev": true,
      "license": "MIT",
      "dependencies": {
        "browserslist": "^4.21.4",
        "postcss-value-parser": "^4.2.0"
      },
      "engines": {
        "node": "^10 || ^12 || >=14.0"
      },
      "peerDependencies": {
        "postcss": "^8.2.15"
      }
    },
    "node_modules/postcss-normalize-url": {
      "version": "5.1.0",
      "dev": true,
      "license": "MIT",
      "dependencies": {
        "normalize-url": "^6.0.1",
        "postcss-value-parser": "^4.2.0"
      },
      "engines": {
        "node": "^10 || ^12 || >=14.0"
      },
      "peerDependencies": {
        "postcss": "^8.2.15"
      }
    },
    "node_modules/postcss-normalize-whitespace": {
      "version": "5.1.1",
      "dev": true,
      "license": "MIT",
      "dependencies": {
        "postcss-value-parser": "^4.2.0"
      },
      "engines": {
        "node": "^10 || ^12 || >=14.0"
      },
      "peerDependencies": {
        "postcss": "^8.2.15"
      }
    },
    "node_modules/postcss-ordered-values": {
      "version": "5.1.3",
      "dev": true,
      "license": "MIT",
      "dependencies": {
        "cssnano-utils": "^3.1.0",
        "postcss-value-parser": "^4.2.0"
      },
      "engines": {
        "node": "^10 || ^12 || >=14.0"
      },
      "peerDependencies": {
        "postcss": "^8.2.15"
      }
    },
    "node_modules/postcss-reduce-initial": {
      "version": "5.1.2",
      "dev": true,
      "license": "MIT",
      "dependencies": {
        "browserslist": "^4.21.4",
        "caniuse-api": "^3.0.0"
      },
      "engines": {
        "node": "^10 || ^12 || >=14.0"
      },
      "peerDependencies": {
        "postcss": "^8.2.15"
      }
    },
    "node_modules/postcss-reduce-transforms": {
      "version": "5.1.0",
      "dev": true,
      "license": "MIT",
      "dependencies": {
        "postcss-value-parser": "^4.2.0"
      },
      "engines": {
        "node": "^10 || ^12 || >=14.0"
      },
      "peerDependencies": {
        "postcss": "^8.2.15"
      }
    },
    "node_modules/postcss-selector-parser": {
      "version": "6.1.0",
      "dev": true,
      "license": "MIT",
      "dependencies": {
        "cssesc": "^3.0.0",
        "util-deprecate": "^1.0.2"
      },
      "engines": {
        "node": ">=4"
      }
    },
    "node_modules/postcss-svgo": {
      "version": "5.1.0",
      "dev": true,
      "license": "MIT",
      "dependencies": {
        "postcss-value-parser": "^4.2.0",
        "svgo": "^2.7.0"
      },
      "engines": {
        "node": "^10 || ^12 || >=14.0"
      },
      "peerDependencies": {
        "postcss": "^8.2.15"
      }
    },
    "node_modules/postcss-unique-selectors": {
      "version": "5.1.1",
      "dev": true,
      "license": "MIT",
      "dependencies": {
        "postcss-selector-parser": "^6.0.5"
      },
      "engines": {
        "node": "^10 || ^12 || >=14.0"
      },
      "peerDependencies": {
        "postcss": "^8.2.15"
      }
    },
    "node_modules/postcss-value-parser": {
      "version": "4.2.0",
      "dev": true,
      "license": "MIT"
    },
    "node_modules/promise.series": {
      "version": "0.2.0",
      "dev": true,
      "license": "MIT",
      "engines": {
        "node": ">=0.12"
      }
    },
    "node_modules/resolve": {
      "version": "1.22.8",
      "dev": true,
      "license": "MIT",
      "dependencies": {
        "is-core-module": "^2.13.0",
        "path-parse": "^1.0.7",
        "supports-preserve-symlinks-flag": "^1.0.0"
      },
      "bin": {
        "resolve": "bin/resolve"
      },
      "funding": {
        "url": "https://github.com/sponsors/ljharb"
      }
    },
    "node_modules/resolve-from": {
      "version": "5.0.0",
      "dev": true,
      "license": "MIT",
      "engines": {
        "node": ">=8"
      }
    },
    "node_modules/rollup": {
      "version": "4.18.0",
      "dev": true,
      "license": "MIT",
      "dependencies": {
        "@types/estree": "1.0.5"
      },
      "bin": {
        "rollup": "dist/bin/rollup"
      },
      "engines": {
        "node": ">=18.0.0",
        "npm": ">=8.0.0"
      },
      "optionalDependencies": {
        "@rollup/rollup-android-arm-eabi": "4.18.0",
        "@rollup/rollup-android-arm64": "4.18.0",
        "@rollup/rollup-darwin-arm64": "4.18.0",
        "@rollup/rollup-darwin-x64": "4.18.0",
        "@rollup/rollup-linux-arm-gnueabihf": "4.18.0",
        "@rollup/rollup-linux-arm-musleabihf": "4.18.0",
        "@rollup/rollup-linux-arm64-gnu": "4.18.0",
        "@rollup/rollup-linux-arm64-musl": "4.18.0",
        "@rollup/rollup-linux-powerpc64le-gnu": "4.18.0",
        "@rollup/rollup-linux-riscv64-gnu": "4.18.0",
        "@rollup/rollup-linux-s390x-gnu": "4.18.0",
        "@rollup/rollup-linux-x64-gnu": "4.18.0",
        "@rollup/rollup-linux-x64-musl": "4.18.0",
        "@rollup/rollup-win32-arm64-msvc": "4.18.0",
        "@rollup/rollup-win32-ia32-msvc": "4.18.0",
        "@rollup/rollup-win32-x64-msvc": "4.18.0",
        "fsevents": "~2.3.2"
      }
    },
    "node_modules/rollup-plugin-postcss": {
      "version": "4.0.2",
      "dev": true,
      "license": "MIT",
      "dependencies": {
        "chalk": "^4.1.0",
        "concat-with-sourcemaps": "^1.1.0",
        "cssnano": "^5.0.1",
        "import-cwd": "^3.0.0",
        "p-queue": "^6.6.2",
        "pify": "^5.0.0",
        "postcss-load-config": "^3.0.0",
        "postcss-modules": "^4.0.0",
        "promise.series": "^0.2.0",
        "resolve": "^1.19.0",
        "rollup-pluginutils": "^2.8.2",
        "safe-identifier": "^0.4.2",
        "style-inject": "^0.3.0"
      },
      "engines": {
        "node": ">=10"
      },
      "peerDependencies": {
        "postcss": "8.x"
      }
    },
    "node_modules/rollup-plugin-typescript2": {
      "version": "0.36.0",
      "dev": true,
      "license": "MIT",
      "dependencies": {
        "@rollup/pluginutils": "^4.1.2",
        "find-cache-dir": "^3.3.2",
        "fs-extra": "^10.0.0",
        "semver": "^7.5.4",
        "tslib": "^2.6.2"
      },
      "peerDependencies": {
        "rollup": ">=1.26.3",
        "typescript": ">=2.4.0"
      }
    },
    "node_modules/rollup-pluginutils": {
      "version": "2.8.2",
      "dev": true,
      "license": "MIT",
      "dependencies": {
        "estree-walker": "^0.6.1"
      }
    },
    "node_modules/rollup-pluginutils/node_modules/estree-walker": {
      "version": "0.6.1",
      "dev": true,
      "license": "MIT"
    },
    "node_modules/safe-identifier": {
      "version": "0.4.2",
      "dev": true,
      "license": "ISC"
    },
    "node_modules/semver": {
      "version": "7.6.2",
      "dev": true,
      "license": "ISC",
      "bin": {
        "semver": "bin/semver.js"
      },
      "engines": {
        "node": ">=10"
      }
    },
    "node_modules/source-map": {
      "version": "0.6.1",
      "dev": true,
      "license": "BSD-3-Clause",
      "engines": {
        "node": ">=0.10.0"
      }
    },
    "node_modules/source-map-js": {
      "version": "1.2.0",
      "dev": true,
      "license": "BSD-3-Clause",
      "peer": true,
      "engines": {
        "node": ">=0.10.0"
      }
    },
    "node_modules/stable": {
      "version": "0.1.8",
      "dev": true,
      "license": "MIT"
    },
    "node_modules/string-hash": {
      "version": "1.1.3",
      "dev": true,
      "license": "CC0-1.0"
    },
    "node_modules/style-inject": {
      "version": "0.3.0",
      "dev": true,
      "license": "MIT"
    },
    "node_modules/stylehacks": {
      "version": "5.1.1",
      "dev": true,
      "license": "MIT",
      "dependencies": {
        "browserslist": "^4.21.4",
        "postcss-selector-parser": "^6.0.4"
      },
      "engines": {
        "node": "^10 || ^12 || >=14.0"
      },
      "peerDependencies": {
        "postcss": "^8.2.15"
      }
    },
    "node_modules/supports-color": {
      "version": "7.2.0",
      "dev": true,
      "license": "MIT",
      "dependencies": {
        "has-flag": "^4.0.0"
      },
      "engines": {
        "node": ">=8"
      }
    },
    "node_modules/supports-preserve-symlinks-flag": {
      "version": "1.0.0",
      "dev": true,
      "license": "MIT",
      "engines": {
        "node": ">= 0.4"
      },
      "funding": {
        "url": "https://github.com/sponsors/ljharb"
      }
    },
    "node_modules/svgo": {
      "version": "2.8.0",
      "dev": true,
      "license": "MIT",
      "dependencies": {
        "@trysound/sax": "0.2.0",
        "commander": "^7.2.0",
        "css-select": "^4.1.3",
        "css-tree": "^1.1.3",
        "csso": "^4.2.0",
        "picocolors": "^1.0.0",
        "stable": "^0.1.8"
      },
      "bin": {
        "svgo": "bin/svgo"
      },
      "engines": {
        "node": ">=10.13.0"
      }
    },
    "node_modules/tslib": {
      "version": "2.6.3",
      "dev": true,
      "license": "0BSD"
    },
    "node_modules/typescript": {
      "version": "5.5.3",
      "dev": true,
      "license": "Apache-2.0",
      "bin": {
        "tsc": "bin/tsc",
        "tsserver": "bin/tsserver"
      },
      "engines": {
        "node": ">=14.17"
      }
    },
    "node_modules/undici-types": {
      "version": "5.26.5",
      "dev": true,
      "license": "MIT"
    },
    "node_modules/universalify": {
      "version": "2.0.1",
      "dev": true,
      "license": "MIT",
      "engines": {
        "node": ">= 10.0.0"
      }
    },
    "node_modules/update-browserslist-db": {
      "version": "1.0.16",
      "dev": true,
      "funding": [
        {
          "type": "opencollective",
          "url": "https://opencollective.com/browserslist"
        },
        {
          "type": "tidelift",
          "url": "https://tidelift.com/funding/github/npm/browserslist"
        },
        {
          "type": "github",
          "url": "https://github.com/sponsors/ai"
        }
      ],
      "license": "MIT",
      "dependencies": {
        "escalade": "^3.1.2",
        "picocolors": "^1.0.1"
      },
      "bin": {
        "update-browserslist-db": "cli.js"
      },
      "peerDependencies": {
        "browserslist": ">= 4.21.0"
      }
    },
    "node_modules/util-deprecate": {
      "version": "1.0.2",
      "dev": true,
      "license": "MIT"
    },
    "node_modules/yaml": {
      "version": "1.10.2",
      "dev": true,
      "license": "ISC",
      "engines": {
        "node": ">= 6"
      }
    }
  }
}
